
Microsoft Visual Studio Solution File, Format Version 12.00
# Visual Studio Version 16
VisualStudioVersion = 16.0.31005.135
MinimumVisualStudioVersion = 10.0.40219.1
Project("{FAE04EC0-301F-11D3-BF4B-00C04F79EFBC}") = "MediaBazaarApp", "MediaBazaarApp\MediaBazaarApp.csproj", "{2E48FA80-E2E4-4CF9-85C2-1B48B4A0ABB7}"
EndProject
Global
	GlobalSection(SolutionConfigurationPlatforms) = preSolution
		Debug|Any CPU = Debug|Any CPU
		Release|Any CPU = Release|Any CPU
	EndGlobalSection
	GlobalSection(ProjectConfigurationPlatforms) = postSolution
		{2E48FA80-E2E4-4CF9-85C2-1B48B4A0ABB7}.Debug|Any CPU.ActiveCfg = Debug|Any CPU
		{2E48FA80-E2E4-4CF9-85C2-1B48B4A0ABB7}.Debug|Any CPU.Build.0 = Debug|Any CPU
		{2E48FA80-E2E4-4CF9-85C2-1B48B4A0ABB7}.Release|Any CPU.ActiveCfg = Release|Any CPU
		{2E48FA80-E2E4-4CF9-85C2-1B48B4A0ABB7}.Release|Any CPU.Build.0 = Release|Any CPU
	EndGlobalSection
	GlobalSection(SolutionProperties) = preSolution
		HideSolutionNode = FALSE
	EndGlobalSection
	GlobalSection(ExtensibilityGlobals) = postSolution
		SolutionGuid = {16DB538F-797D-4939-A954-0987C1635589}
	EndGlobalSection
EndGlobal
